// !$*UTF8*$!
{
	archiveVersion = 1;
	classes = {
	};
	objectVersion = 50;
	objects = {

/* Begin PBXBuildFile section */
		0B4D599224A2E5F1006A1379 /* UserRepresentation.swift in Sources */ = {isa = PBXBuildFile; fileRef = 0B4D599124A2E5F1006A1379 /* UserRepresentation.swift */; };
		0BC01168249B010C00DB92FB /* AppDelegate.swift in Sources */ = {isa = PBXBuildFile; fileRef = 0BC01167249B010C00DB92FB /* AppDelegate.swift */; };
		0BC0116A249B010C00DB92FB /* SceneDelegate.swift in Sources */ = {isa = PBXBuildFile; fileRef = 0BC01169249B010C00DB92FB /* SceneDelegate.swift */; };
		0BC0116F249B010C00DB92FB /* Main.storyboard in Resources */ = {isa = PBXBuildFile; fileRef = 0BC0116D249B010C00DB92FB /* Main.storyboard */; };
		0BC01171249B011100DB92FB /* Assets.xcassets in Resources */ = {isa = PBXBuildFile; fileRef = 0BC01170249B011100DB92FB /* Assets.xcassets */; };
		0BC01174249B011100DB92FB /* LaunchScreen.storyboard in Resources */ = {isa = PBXBuildFile; fileRef = 0BC01172249B011100DB92FB /* LaunchScreen.storyboard */; };
		0BC0117C249B013100DB92FB /* APIController.swift in Sources */ = {isa = PBXBuildFile; fileRef = 0BC0117B249B013100DB92FB /* APIController.swift */; };
		0BD03E18249D890E001A90C1 /* User+Convenience.swift in Sources */ = {isa = PBXBuildFile; fileRef = 0BD03E17249D890E001A90C1 /* User+Convenience.swift */; };
		0BFF13C5249C6F9700C8537A /* UserData.xcdatamodeld in Sources */ = {isa = PBXBuildFile; fileRef = 0BFF13C3249C6F9700C8537A /* UserData.xcdatamodeld */; };
		0BFF13C7249C72BB00C8537A /* CoreDataStack.swift in Sources */ = {isa = PBXBuildFile; fileRef = 0BFF13C6249C72BB00C8537A /* CoreDataStack.swift */; };
		0BFF13CB249C75B700C8537A /* Plant+Convenience.swift in Sources */ = {isa = PBXBuildFile; fileRef = 0BFF13CA249C75B700C8537A /* Plant+Convenience.swift */; };
		0BFF13CF249C789200C8537A /* PlantRepresentation.swift in Sources */ = {isa = PBXBuildFile; fileRef = 0BFF13CE249C789200C8537A /* PlantRepresentation.swift */; };
		AB25058A24A1A1730030E14F /* LoginViewController.swift in Sources */ = {isa = PBXBuildFile; fileRef = AB25058924A1A1730030E14F /* LoginViewController.swift */; };
		AB25058C24A1A1920030E14F /* DetailViewController.swift in Sources */ = {isa = PBXBuildFile; fileRef = AB25058B24A1A1920030E14F /* DetailViewController.swift */; };
		AB39D0C924A29A0C0075FC54 /* PlantTableViewController.swift in Sources */ = {isa = PBXBuildFile; fileRef = AB39D0C824A29A0C0075FC54 /* PlantTableViewController.swift */; };
		AB39D0CB24A2C2640075FC54 /* ProfileViewController.swift in Sources */ = {isa = PBXBuildFile; fileRef = AB39D0CA24A2C2640075FC54 /* ProfileViewController.swift */; };
		C24EE99724A2FC1F001921A2 /* PlantTableViewCell.swift in Sources */ = {isa = PBXBuildFile; fileRef = C24EE99624A2FC1F001921A2 /* PlantTableViewCell.swift */; };
		C2ABBE8824AD3184008B0A52 /* User Controller.swift in Sources */ = {isa = PBXBuildFile; fileRef = C2ABBE8724AD3184008B0A52 /* User Controller.swift */; };
/* End PBXBuildFile section */

/* Begin PBXFileReference section */
		0B4D599124A2E5F1006A1379 /* UserRepresentation.swift */ = {isa = PBXFileReference; lastKnownFileType = sourcecode.swift; path = UserRepresentation.swift; sourceTree = "<group>"; };
		0BC01164249B010C00DB92FB /* BuildWeek2.app */ = {isa = PBXFileReference; explicitFileType = wrapper.application; includeInIndex = 0; path = BuildWeek2.app; sourceTree = BUILT_PRODUCTS_DIR; };
		0BC01167249B010C00DB92FB /* AppDelegate.swift */ = {isa = PBXFileReference; lastKnownFileType = sourcecode.swift; path = AppDelegate.swift; sourceTree = "<group>"; };
		0BC01169249B010C00DB92FB /* SceneDelegate.swift */ = {isa = PBXFileReference; lastKnownFileType = sourcecode.swift; path = SceneDelegate.swift; sourceTree = "<group>"; };
		0BC0116E249B010C00DB92FB /* Base */ = {isa = PBXFileReference; lastKnownFileType = file.storyboard; name = Base; path = Base.lproj/Main.storyboard; sourceTree = "<group>"; };
		0BC01170249B011100DB92FB /* Assets.xcassets */ = {isa = PBXFileReference; lastKnownFileType = folder.assetcatalog; path = Assets.xcassets; sourceTree = "<group>"; };
		0BC01173249B011100DB92FB /* Base */ = {isa = PBXFileReference; lastKnownFileType = file.storyboard; name = Base; path = Base.lproj/LaunchScreen.storyboard; sourceTree = "<group>"; };
		0BC01175249B011100DB92FB /* Info.plist */ = {isa = PBXFileReference; lastKnownFileType = text.plist.xml; path = Info.plist; sourceTree = "<group>"; };
		0BC0117B249B013100DB92FB /* APIController.swift */ = {isa = PBXFileReference; lastKnownFileType = sourcecode.swift; path = APIController.swift; sourceTree = "<group>"; };
		0BD03E17249D890E001A90C1 /* User+Convenience.swift */ = {isa = PBXFileReference; fileEncoding = 4; lastKnownFileType = sourcecode.swift; path = "User+Convenience.swift"; sourceTree = "<group>"; };
		0BDAC13524A690330051FEF7 /* UserData 2.xcdatamodel */ = {isa = PBXFileReference; lastKnownFileType = wrapper.xcdatamodel; path = "UserData 2.xcdatamodel"; sourceTree = "<group>"; };
		0BFF13C4249C6F9700C8537A /* UserData.xcdatamodel */ = {isa = PBXFileReference; lastKnownFileType = wrapper.xcdatamodel; path = UserData.xcdatamodel; sourceTree = "<group>"; };
		0BFF13C6249C72BB00C8537A /* CoreDataStack.swift */ = {isa = PBXFileReference; lastKnownFileType = sourcecode.swift; path = CoreDataStack.swift; sourceTree = "<group>"; };
		0BFF13CA249C75B700C8537A /* Plant+Convenience.swift */ = {isa = PBXFileReference; lastKnownFileType = sourcecode.swift; path = "Plant+Convenience.swift"; sourceTree = "<group>"; };
		0BFF13CE249C789200C8537A /* PlantRepresentation.swift */ = {isa = PBXFileReference; lastKnownFileType = sourcecode.swift; path = PlantRepresentation.swift; sourceTree = "<group>"; };
		AB25058924A1A1730030E14F /* LoginViewController.swift */ = {isa = PBXFileReference; lastKnownFileType = sourcecode.swift; path = LoginViewController.swift; sourceTree = "<group>"; };
		AB25058B24A1A1920030E14F /* DetailViewController.swift */ = {isa = PBXFileReference; lastKnownFileType = sourcecode.swift; path = DetailViewController.swift; sourceTree = "<group>"; };
		AB39D0C824A29A0C0075FC54 /* PlantTableViewController.swift */ = {isa = PBXFileReference; lastKnownFileType = sourcecode.swift; path = PlantTableViewController.swift; sourceTree = "<group>"; };
		AB39D0CA24A2C2640075FC54 /* ProfileViewController.swift */ = {isa = PBXFileReference; lastKnownFileType = sourcecode.swift; path = ProfileViewController.swift; sourceTree = "<group>"; };
		C24EE99624A2FC1F001921A2 /* PlantTableViewCell.swift */ = {isa = PBXFileReference; lastKnownFileType = sourcecode.swift; path = PlantTableViewCell.swift; sourceTree = "<group>"; };
		C2ABBE8724AD3184008B0A52 /* User Controller.swift */ = {isa = PBXFileReference; lastKnownFileType = sourcecode.swift; path = "User Controller.swift"; sourceTree = "<group>"; };
/* End PBXFileReference section */

/* Begin PBXFrameworksBuildPhase section */
		0BC01161249B010C00DB92FB /* Frameworks */ = {
			isa = PBXFrameworksBuildPhase;
			buildActionMask = 2147483647;
			files = (
			);
			runOnlyForDeploymentPostprocessing = 0;
		};
/* End PBXFrameworksBuildPhase section */

/* Begin PBXGroup section */
		0BC0115B249B010C00DB92FB = {
			isa = PBXGroup;
			children = (
				0BC01166249B010C00DB92FB /* BuildWeek2 */,
				0BC01165249B010C00DB92FB /* Products */,
			);
			sourceTree = "<group>";
		};
		0BC01165249B010C00DB92FB /* Products */ = {
			isa = PBXGroup;
			children = (
				0BC01164249B010C00DB92FB /* BuildWeek2.app */,
			);
			name = Products;
			sourceTree = "<group>";
		};
		0BC01166249B010C00DB92FB /* BuildWeek2 */ = {
			isa = PBXGroup;
			children = (
				C218C686249C577C000475F4 /* Resources */,
				0BFF13C1249C5D7300C8537A /* Storyboards */,
				0BFF13C2249C6F1F00C8537A /* Model */,
				C24EE99524A2FC05001921A2 /* Views */,
				C218C687249C585D000475F4 /* View Controllers */,
				ABFB34B2249C5E6800A7AE15 /* Model Controller */,
			);
			path = BuildWeek2;
			sourceTree = "<group>";
		};
		0BFF13C1249C5D7300C8537A /* Storyboards */ = {
			isa = PBXGroup;
			children = (
				0BC01172249B011100DB92FB /* LaunchScreen.storyboard */,
				0BC0116D249B010C00DB92FB /* Main.storyboard */,
			);
			path = Storyboards;
			sourceTree = "<group>";
		};
		0BFF13C2249C6F1F00C8537A /* Model */ = {
			isa = PBXGroup;
			children = (
				0BFF13C3249C6F9700C8537A /* UserData.xcdatamodeld */,
				0BFF13C6249C72BB00C8537A /* CoreDataStack.swift */,
				0B4D599124A2E5F1006A1379 /* UserRepresentation.swift */,
				0BD03E17249D890E001A90C1 /* User+Convenience.swift */,
				0BFF13CA249C75B700C8537A /* Plant+Convenience.swift */,
				0BFF13CE249C789200C8537A /* PlantRepresentation.swift */,
			);
			path = Model;
			sourceTree = "<group>";
		};
		ABFB34B2249C5E6800A7AE15 /* Model Controller */ = {
			isa = PBXGroup;
			children = (
				C2ABBE8724AD3184008B0A52 /* User Controller.swift */,
				0BC0117B249B013100DB92FB /* APIController.swift */,
			);
			path = "Model Controller";
			sourceTree = "<group>";
		};
		C218C686249C577C000475F4 /* Resources */ = {
			isa = PBXGroup;
			children = (
				0BC01167249B010C00DB92FB /* AppDelegate.swift */,
				0BC01169249B010C00DB92FB /* SceneDelegate.swift */,
				0BC01170249B011100DB92FB /* Assets.xcassets */,
				0BC01175249B011100DB92FB /* Info.plist */,
			);
			path = Resources;
			sourceTree = "<group>";
		};
		C218C687249C585D000475F4 /* View Controllers */ = {
			isa = PBXGroup;
			children = (
				AB25058924A1A1730030E14F /* LoginViewController.swift */,
				AB39D0C824A29A0C0075FC54 /* PlantTableViewController.swift */,
				AB25058B24A1A1920030E14F /* DetailViewController.swift */,
				AB39D0CA24A2C2640075FC54 /* ProfileViewController.swift */,
			);
			path = "View Controllers";
			sourceTree = "<group>";
		};
		C24EE99524A2FC05001921A2 /* Views */ = {
			isa = PBXGroup;
			children = (
				C24EE99624A2FC1F001921A2 /* PlantTableViewCell.swift */,
			);
			path = Views;
			sourceTree = "<group>";
		};
/* End PBXGroup section */

/* Begin PBXNativeTarget section */
		0BC01163249B010C00DB92FB /* BuildWeek2 */ = {
			isa = PBXNativeTarget;
			buildConfigurationList = 0BC01178249B011100DB92FB /* Build configuration list for PBXNativeTarget "BuildWeek2" */;
			buildPhases = (
				0BC01160249B010C00DB92FB /* Sources */,
				0BC01161249B010C00DB92FB /* Frameworks */,
				0BC01162249B010C00DB92FB /* Resources */,
				C2526B3E24A517EE008F8BF3 /* ShellScript */,
			);
			buildRules = (
			);
			dependencies = (
			);
			name = BuildWeek2;
			productName = BuildWeek2;
			productReference = 0BC01164249B010C00DB92FB /* BuildWeek2.app */;
			productType = "com.apple.product-type.application";
		};
/* End PBXNativeTarget section */

/* Begin PBXProject section */
		0BC0115C249B010C00DB92FB /* Project object */ = {
			isa = PBXProject;
			attributes = {
				LastSwiftUpdateCheck = 1150;
				LastUpgradeCheck = 1150;
				ORGANIZATIONNAME = "Clayton Watkins";
				TargetAttributes = {
					0BC01163249B010C00DB92FB = {
						CreatedOnToolsVersion = 11.5;
					};
				};
			};
			buildConfigurationList = 0BC0115F249B010C00DB92FB /* Build configuration list for PBXProject "BuildWeek2" */;
			compatibilityVersion = "Xcode 9.3";
			developmentRegion = en;
			hasScannedForEncodings = 0;
			knownRegions = (
				en,
				Base,
			);
			mainGroup = 0BC0115B249B010C00DB92FB;
			productRefGroup = 0BC01165249B010C00DB92FB /* Products */;
			projectDirPath = "";
			projectRoot = "";
			targets = (
				0BC01163249B010C00DB92FB /* BuildWeek2 */,
			);
		};
/* End PBXProject section */

/* Begin PBXResourcesBuildPhase section */
		0BC01162249B010C00DB92FB /* Resources */ = {
			isa = PBXResourcesBuildPhase;
			buildActionMask = 2147483647;
			files = (
				0BC01174249B011100DB92FB /* LaunchScreen.storyboard in Resources */,
				0BC01171249B011100DB92FB /* Assets.xcassets in Resources */,
				0BC0116F249B010C00DB92FB /* Main.storyboard in Resources */,
			);
			runOnlyForDeploymentPostprocessing = 0;
		};
/* End PBXResourcesBuildPhase section */

/* Begin PBXShellScriptBuildPhase section */
		C2526B3E24A517EE008F8BF3 /* ShellScript */ = {
			isa = PBXShellScriptBuildPhase;
			buildActionMask = 2147483647;
			files = (
			);
			inputFileListPaths = (
			);
			inputPaths = (
			);
			outputFileListPaths = (
			);
			outputPaths = (
			);
			runOnlyForDeploymentPostprocessing = 0;
			shellPath = /bin/sh;
			shellScript = "if which swiftlint >/dev/null; then\n  swiftlint\nelse\n  echo \"warning: SwiftLint not installed, download from https://github.com/realm/SwiftLint\"\nfi\n";
		};
/* End PBXShellScriptBuildPhase section */

/* Begin PBXSourcesBuildPhase section */
		0BC01160249B010C00DB92FB /* Sources */ = {
			isa = PBXSourcesBuildPhase;
			buildActionMask = 2147483647;
			files = (
				0B4D599224A2E5F1006A1379 /* UserRepresentation.swift in Sources */,
				0BFF13C5249C6F9700C8537A /* UserData.xcdatamodeld in Sources */,
				0BFF13CF249C789200C8537A /* PlantRepresentation.swift in Sources */,
				C24EE99724A2FC1F001921A2 /* PlantTableViewCell.swift in Sources */,
				0BFF13C7249C72BB00C8537A /* CoreDataStack.swift in Sources */,
				0BC0117C249B013100DB92FB /* APIController.swift in Sources */,
				C2ABBE8824AD3184008B0A52 /* User Controller.swift in Sources */,
				0BFF13CB249C75B700C8537A /* Plant+Convenience.swift in Sources */,
				0BC01168249B010C00DB92FB /* AppDelegate.swift in Sources */,
				AB25058C24A1A1920030E14F /* DetailViewController.swift in Sources */,
				AB25058A24A1A1730030E14F /* LoginViewController.swift in Sources */,
				AB39D0CB24A2C2640075FC54 /* ProfileViewController.swift in Sources */,
				0BC0116A249B010C00DB92FB /* SceneDelegate.swift in Sources */,
				0BD03E18249D890E001A90C1 /* User+Convenience.swift in Sources */,
				AB39D0C924A29A0C0075FC54 /* PlantTableViewController.swift in Sources */,
			);
			runOnlyForDeploymentPostprocessing = 0;
		};
/* End PBXSourcesBuildPhase section */

/* Begin PBXVariantGroup section */
		0BC0116D249B010C00DB92FB /* Main.storyboard */ = {
			isa = PBXVariantGroup;
			children = (
				0BC0116E249B010C00DB92FB /* Base */,
			);
			name = Main.storyboard;
			sourceTree = "<group>";
		};
		0BC01172249B011100DB92FB /* LaunchScreen.storyboard */ = {
			isa = PBXVariantGroup;
			children = (
				0BC01173249B011100DB92FB /* Base */,
			);
			name = LaunchScreen.storyboard;
			sourceTree = "<group>";
		};
/* End PBXVariantGroup section */

/* Begin XCBuildConfiguration section */
		0BC01176249B011100DB92FB /* Debug */ = {
			isa = XCBuildConfiguration;
			buildSettings = {
				ALWAYS_SEARCH_USER_PATHS = NO;
				CLANG_ANALYZER_NONNULL = YES;
				CLANG_ANALYZER_NUMBER_OBJECT_CONVERSION = YES_AGGRESSIVE;
				CLANG_CXX_LANGUAGE_STANDARD = "gnu++14";
				CLANG_CXX_LIBRARY = "libc++";
				CLANG_ENABLE_MODULES = YES;
				CLANG_ENABLE_OBJC_ARC = YES;
				CLANG_ENABLE_OBJC_WEAK = YES;
				CLANG_WARN_BLOCK_CAPTURE_AUTORELEASING = YES;
				CLANG_WARN_BOOL_CONVERSION = YES;
				CLANG_WARN_COMMA = YES;
				CLANG_WARN_CONSTANT_CONVERSION = YES;
				CLANG_WARN_DEPRECATED_OBJC_IMPLEMENTATIONS = YES;
				CLANG_WARN_DIRECT_OBJC_ISA_USAGE = YES_ERROR;
				CLANG_WARN_DOCUMENTATION_COMMENTS = YES;
				CLANG_WARN_EMPTY_BODY = YES;
				CLANG_WARN_ENUM_CONVERSION = YES;
				CLANG_WARN_INFINITE_RECURSION = YES;
				CLANG_WARN_INT_CONVERSION = YES;
				CLANG_WARN_NON_LITERAL_NULL_CONVERSION = YES;
				CLANG_WARN_OBJC_IMPLICIT_RETAIN_SELF = YES;
				CLANG_WARN_OBJC_LITERAL_CONVERSION = YES;
				CLANG_WARN_OBJC_ROOT_CLASS = YES_ERROR;
				CLANG_WARN_RANGE_LOOP_ANALYSIS = YES;
				CLANG_WARN_STRICT_PROTOTYPES = YES;
				CLANG_WARN_SUSPICIOUS_MOVE = YES;
				CLANG_WARN_UNGUARDED_AVAILABILITY = YES_AGGRESSIVE;
				CLANG_WARN_UNREACHABLE_CODE = YES;
				CLANG_WARN__DUPLICATE_METHOD_MATCH = YES;
				COPY_PHASE_STRIP = NO;
				DEBUG_INFORMATION_FORMAT = dwarf;
				ENABLE_STRICT_OBJC_MSGSEND = YES;
				ENABLE_TESTABILITY = YES;
				GCC_C_LANGUAGE_STANDARD = gnu11;
				GCC_DYNAMIC_NO_PIC = NO;
				GCC_NO_COMMON_BLOCKS = YES;
				GCC_OPTIMIZATION_LEVEL = 0;
				GCC_PREPROCESSOR_DEFINITIONS = (
					"DEBUG=1",
					"$(inherited)",
				);
				GCC_WARN_64_TO_32_BIT_CONVERSION = YES;
				GCC_WARN_ABOUT_RETURN_TYPE = YES_ERROR;
				GCC_WARN_UNDECLARED_SELECTOR = YES;
				GCC_WARN_UNINITIALIZED_AUTOS = YES_AGGRESSIVE;
				GCC_WARN_UNUSED_FUNCTION = YES;
				GCC_WARN_UNUSED_VARIABLE = YES;
				IPHONEOS_DEPLOYMENT_TARGET = 13.5;
				MTL_ENABLE_DEBUG_INFO = INCLUDE_SOURCE;
				MTL_FAST_MATH = YES;
				ONLY_ACTIVE_ARCH = YES;
				SDKROOT = iphoneos;
				SWIFT_ACTIVE_COMPILATION_CONDITIONS = DEBUG;
				SWIFT_OPTIMIZATION_LEVEL = "-Onone";
			};
			name = Debug;
		};
		0BC01177249B011100DB92FB /* Release */ = {
			isa = XCBuildConfiguration;
			buildSettings = {
				ALWAYS_SEARCH_USER_PATHS = NO;
				CLANG_ANALYZER_NONNULL = YES;
				CLANG_ANALYZER_NUMBER_OBJECT_CONVERSION = YES_AGGRESSIVE;
				CLANG_CXX_LANGUAGE_STANDARD = "gnu++14";
				CLANG_CXX_LIBRARY = "libc++";
				CLANG_ENABLE_MODULES = YES;
				CLANG_ENABLE_OBJC_ARC = YES;
				CLANG_ENABLE_OBJC_WEAK = YES;
				CLANG_WARN_BLOCK_CAPTURE_AUTORELEASING = YES;
				CLANG_WARN_BOOL_CONVERSION = YES;
				CLANG_WARN_COMMA = YES;
				CLANG_WARN_CONSTANT_CONVERSION = YES;
				CLANG_WARN_DEPRECATED_OBJC_IMPLEMENTATIONS = YES;
				CLANG_WARN_DIRECT_OBJC_ISA_USAGE = YES_ERROR;
				CLANG_WARN_DOCUMENTATION_COMMENTS = YES;
				CLANG_WARN_EMPTY_BODY = YES;
				CLANG_WARN_ENUM_CONVERSION = YES;
				CLANG_WARN_INFINITE_RECURSION = YES;
				CLANG_WARN_INT_CONVERSION = YES;
				CLANG_WARN_NON_LITERAL_NULL_CONVERSION = YES;
				CLANG_WARN_OBJC_IMPLICIT_RETAIN_SELF = YES;
				CLANG_WARN_OBJC_LITERAL_CONVERSION = YES;
				CLANG_WARN_OBJC_ROOT_CLASS = YES_ERROR;
				CLANG_WARN_RANGE_LOOP_ANALYSIS = YES;
				CLANG_WARN_STRICT_PROTOTYPES = YES;
				CLANG_WARN_SUSPICIOUS_MOVE = YES;
				CLANG_WARN_UNGUARDED_AVAILABILITY = YES_AGGRESSIVE;
				CLANG_WARN_UNREACHABLE_CODE = YES;
				CLANG_WARN__DUPLICATE_METHOD_MATCH = YES;
				COPY_PHASE_STRIP = NO;
				DEBUG_INFORMATION_FORMAT = "dwarf-with-dsym";
				ENABLE_NS_ASSERTIONS = NO;
				ENABLE_STRICT_OBJC_MSGSEND = YES;
				GCC_C_LANGUAGE_STANDARD = gnu11;
				GCC_NO_COMMON_BLOCKS = YES;
				GCC_WARN_64_TO_32_BIT_CONVERSION = YES;
				GCC_WARN_ABOUT_RETURN_TYPE = YES_ERROR;
				GCC_WARN_UNDECLARED_SELECTOR = YES;
				GCC_WARN_UNINITIALIZED_AUTOS = YES_AGGRESSIVE;
				GCC_WARN_UNUSED_FUNCTION = YES;
				GCC_WARN_UNUSED_VARIABLE = YES;
				IPHONEOS_DEPLOYMENT_TARGET = 13.5;
				MTL_ENABLE_DEBUG_INFO = NO;
				MTL_FAST_MATH = YES;
				SDKROOT = iphoneos;
				SWIFT_COMPILATION_MODE = wholemodule;
				SWIFT_OPTIMIZATION_LEVEL = "-O";
				VALIDATE_PRODUCT = YES;
			};
			name = Release;
		};
		0BC01179249B011100DB92FB /* Debug */ = {
			isa = XCBuildConfiguration;
			buildSettings = {
				ASSETCATALOG_COMPILER_APPICON_NAME = AppIcon;
				CODE_SIGN_STYLE = Automatic;
				DEVELOPMENT_TEAM = T9X472M6U2;
				INFOPLIST_FILE = BuildWeek2/Resources/Info.plist;
				IPHONEOS_DEPLOYMENT_TARGET = 13.2;
				LD_RUNPATH_SEARCH_PATHS = (
					"$(inherited)",
					"@executable_path/Frameworks",
				);
				PRODUCT_BUNDLE_IDENTIFIER = com.claytonwatkins.BuildWeek2;
				PRODUCT_NAME = "$(TARGET_NAME)";
				SWIFT_VERSION = 5.0;
				TARGETED_DEVICE_FAMILY = "1,2";
			};
			name = Debug;
		};
		0BC0117A249B011100DB92FB /* Release */ = {
			isa = XCBuildConfiguration;
			buildSettings = {
				ASSETCATALOG_COMPILER_APPICON_NAME = AppIcon;
				CODE_SIGN_STYLE = Automatic;
				DEVELOPMENT_TEAM = T9X472M6U2;
				INFOPLIST_FILE = BuildWeek2/Resources/Info.plist;
				IPHONEOS_DEPLOYMENT_TARGET = 13.2;
				LD_RUNPATH_SEARCH_PATHS = (
					"$(inherited)",
					"@executable_path/Frameworks",
				);
				PRODUCT_BUNDLE_IDENTIFIER = com.claytonwatkins.BuildWeek2;
				PRODUCT_NAME = "$(TARGET_NAME)";
				SWIFT_VERSION = 5.0;
				TARGETED_DEVICE_FAMILY = "1,2";
			};
			name = Release;
		};
/* End XCBuildConfiguration section */

/* Begin XCConfigurationList section */
		0BC0115F249B010C00DB92FB /* Build configuration list for PBXProject "BuildWeek2" */ = {
			isa = XCConfigurationList;
			buildConfigurations = (
				0BC01176249B011100DB92FB /* Debug */,
				0BC01177249B011100DB92FB /* Release */,
			);
			defaultConfigurationIsVisible = 0;
			defaultConfigurationName = Release;
		};
		0BC01178249B011100DB92FB /* Build configuration list for PBXNativeTarget "BuildWeek2" */ = {
			isa = XCConfigurationList;
			buildConfigurations = (
				0BC01179249B011100DB92FB /* Debug */,
				0BC0117A249B011100DB92FB /* Release */,
			);
			defaultConfigurationIsVisible = 0;
			defaultConfigurationName = Release;
		};
/* End XCConfigurationList section */

/* Begin XCVersionGroup section */
		0BFF13C3249C6F9700C8537A /* UserData.xcdatamodeld */ = {
			isa = XCVersionGroup;
			children = (
				0BDAC13524A690330051FEF7 /* UserData 2.xcdatamodel */,
				0BFF13C4249C6F9700C8537A /* UserData.xcdatamodel */,
			);
			currentVersion = 0BFF13C4249C6F9700C8537A /* UserData.xcdatamodel */;
			path = UserData.xcdatamodeld;
			sourceTree = "<group>";
			versionGroupType = wrapper.xcdatamodel;
		};
/* End XCVersionGroup section */
	};
	rootObject = 0BC0115C249B010C00DB92FB /* Project object */;
}
