// !$*UTF8*$!
{
	archiveVersion = 1;
	classes = {
	};
	objectVersion = 50;
	objects = {

/* Begin PBXBuildFile section */
		0BC01168249B010C00DB92FB /* AppDelegate.swift in Sources */ = {isa = PBXBuildFile; fileRef = 0BC01167249B010C00DB92FB /* AppDelegate.swift */; };
		0BC0116A249B010C00DB92FB /* SceneDelegate.swift in Sources */ = {isa = PBXBuildFile; fileRef = 0BC01169249B010C00DB92FB /* SceneDelegate.swift */; };
		0BC0116C249B010C00DB92FB /* ViewController.swift in Sources */ = {isa = PBXBuildFile; fileRef = 0BC0116B249B010C00DB92FB /* ViewController.swift */; };
		0BC0116F249B010C00DB92FB /* Main.storyboard in Resources */ = {isa = PBXBuildFile; fileRef = 0BC0116D249B010C00DB92FB /* Main.storyboard */; };
		0BC01171249B011100DB92FB /* Assets.xcassets in Resources */ = {isa = PBXBuildFile; fileRef = 0BC01170249B011100DB92FB /* Assets.xcassets */; };
		0BC01174249B011100DB92FB /* LaunchScreen.storyboard in Resources */ = {isa = PBXBuildFile; fileRef = 0BC01172249B011100DB92FB /* LaunchScreen.storyboard */; };
		0BC0117C249B013100DB92FB /* APIController.swift in Sources */ = {isa = PBXBuildFile; fileRef = 0BC0117B249B013100DB92FB /* APIController.swift */; };
/* End PBXBuildFile section */

/* Begin PBXFileReference section */
		0BC01164249B010C00DB92FB /* BuildWeek2.app */ = {isa = PBXFileReference; explicitFileType = wrapper.application; includeInIndex = 0; path = BuildWeek2.app; sourceTree = BUILT_PRODUCTS_DIR; };
		0BC01167249B010C00DB92FB /* AppDelegate.swift */ = {isa = PBXFileReference; lastKnownFileType = sourcecode.swift; path = AppDelegate.swift; sourceTree = "<group>"; };
		0BC01169249B010C00DB92FB /* SceneDelegate.swift */ = {isa = PBXFileReference; lastKnownFileType = sourcecode.swift; path = SceneDelegate.swift; sourceTree = "<group>"; };
		0BC0116B249B010C00DB92FB /* ViewController.swift */ = {isa = PBXFileReference; lastKnownFileType = sourcecode.swift; path = ViewController.swift; sourceTree = "<group>"; };
		0BC0116E249B010C00DB92FB /* Base */ = {isa = PBXFileReference; lastKnownFileType = file.storyboard; name = Base; path = Base.lproj/Main.storyboard; sourceTree = "<group>"; };
		0BC01170249B011100DB92FB /* Assets.xcassets */ = {isa = PBXFileReference; lastKnownFileType = folder.assetcatalog; path = Assets.xcassets; sourceTree = "<group>"; };
		0BC01173249B011100DB92FB /* Base */ = {isa = PBXFileReference; lastKnownFileType = file.storyboard; name = Base; path = Base.lproj/LaunchScreen.storyboard; sourceTree = "<group>"; };
		0BC01175249B011100DB92FB /* Info.plist */ = {isa = PBXFileReference; lastKnownFileType = text.plist.xml; path = Info.plist; sourceTree = "<group>"; };
		0BC0117B249B013100DB92FB /* APIController.swift */ = {isa = PBXFileReference; lastKnownFileType = sourcecode.swift; path = APIController.swift; sourceTree = "<group>"; };
/* End PBXFileReference section */

/* Begin PBXFrameworksBuildPhase section */
		0BC01161249B010C00DB92FB /* Frameworks */ = {
			isa = PBXFrameworksBuildPhase;
			buildActionMask = 2147483647;
			files = (
			);
			runOnlyForDeploymentPostprocessing = 0;
		};
/* End PBXFrameworksBuildPhase section */

/* Begin PBXGroup section */
		0BC0115B249B010C00DB92FB = {
			isa = PBXGroup;
			children = (
				0BC01166249B010C00DB92FB /* BuildWeek2 */,
				0BC01165249B010C00DB92FB /* Products */,
			);
			sourceTree = "<group>";
		};
		0BC01165249B010C00DB92FB /* Products */ = {
			isa = PBXGroup;
			children = (
				0BC01164249B010C00DB92FB /* BuildWeek2.app */,
			);
			name = Products;
			sourceTree = "<group>";
		};
		0BC01166249B010C00DB92FB /* BuildWeek2 */ = {
			isa = PBXGroup;
			children = (
				C218C686249C577C000475F4 /* Resource */,
				0BC0116B249B010C00DB92FB /* ViewController.swift */,
				0BC0116D249B010C00DB92FB /* Main.storyboard */,
				0BC01172249B011100DB92FB /* LaunchScreen.storyboard */,
				0BC0117B249B013100DB92FB /* APIController.swift */,
			);
			path = BuildWeek2;
			sourceTree = "<group>";
		};
		C218C686249C577C000475F4 /* Resource */ = {
			isa = PBXGroup;
			children = (
				0BC01167249B010C00DB92FB /* AppDelegate.swift */,
				0BC01169249B010C00DB92FB /* SceneDelegate.swift */,
				0BC01170249B011100DB92FB /* Assets.xcassets */,
				0BC01175249B011100DB92FB /* Info.plist */,
			);
			path = Resource;
			sourceTree = "<group>";
		};
/* End PBXGroup section */

/* Begin PBXNativeTarget section */
		0BC01163249B010C00DB92FB /* BuildWeek2 */ = {
			isa = PBXNativeTarget;
			buildConfigurationList = 0BC01178249B011100DB92FB /* Build configuration list for PBXNativeTarget "BuildWeek2" */;
			buildPhases = (
				0BC01160249B010C00DB92FB /* Sources */,
				0BC01161249B010C00DB92FB /* Frameworks */,
				0BC01162249B010C00DB92FB /* Resources */,
			);
			buildRules = (
			);
			dependencies = (
			);
			name = BuildWeek2;
			productName = BuildWeek2;
			productReference = 0BC01164249B010C00DB92FB /* BuildWeek2.app */;
			productType = "com.apple.product-type.application";
		};
/* End PBXNativeTarget section */

/* Begin PBXProject section */
		0BC0115C249B010C00DB92FB /* Project object */ = {
			isa = PBXProject;
			attributes = {
				LastSwiftUpdateCheck = 1150;
				LastUpgradeCheck = 1150;
				ORGANIZATIONNAME = "Clayton Watkins";
				TargetAttributes = {
					0BC01163249B010C00DB92FB = {
						CreatedOnToolsVersion = 11.5;
					};
				};
			};
			buildConfigurationList = 0BC0115F249B010C00DB92FB /* Build configuration list for PBXProject "BuildWeek2" */;
			compatibilityVersion = "Xcode 9.3";
			developmentRegion = en;
			hasScannedForEncodings = 0;
			knownRegions = (
				en,
				Base,
			);
			mainGroup = 0BC0115B249B010C00DB92FB;
			productRefGroup = 0BC01165249B010C00DB92FB /* Products */;
			projectDirPath = "";
			projectRoot = "";
			targets = (
				0BC01163249B010C00DB92FB /* BuildWeek2 */,
			);
		};
/* End PBXProject section */

/* Begin PBXResourcesBuildPhase section */
		0BC01162249B010C00DB92FB /* Resources */ = {
			isa = PBXResourcesBuildPhase;
			buildActionMask = 2147483647;
			files = (
				0BC01174249B011100DB92FB /* LaunchScreen.storyboard in Resources */,
				0BC01171249B011100DB92FB /* Assets.xcassets in Resources */,
				0BC0116F249B010C00DB92FB /* Main.storyboard in Resources */,
			);
			runOnlyForDeploymentPostprocessing = 0;
		};
/* End PBXResourcesBuildPhase section */

/* Begin PBXSourcesBuildPhase section */
		0BC01160249B010C00DB92FB /* Sources */ = {
			isa = PBXSourcesBuildPhase;
			buildActionMask = 2147483647;
			files = (
				0BC0117C249B013100DB92FB /* APIController.swift in Sources */,
				0BC0116C249B010C00DB92FB /* ViewController.swift in Sources */,
				0BC01168249B010C00DB92FB /* AppDelegate.swift in Sources */,
				0BC0116A249B010C00DB92FB /* SceneDelegate.swift in Sources */,
			);
			runOnlyForDeploymentPostprocessing = 0;
		};
/* End PBXSourcesBuildPhase section */

/* Begin PBXVariantGroup section */
		0BC0116D249B010C00DB92FB /* Main.storyboard */ = {
			isa = PBXVariantGroup;
			children = (
				0BC0116E249B010C00DB92FB /* Base */,
			);
			name = Main.storyboard;
			sourceTree = "<group>";
		};
		0BC01172249B011100DB92FB /* LaunchScreen.storyboard */ = {
			isa = PBXVariantGroup;
			children = (
				0BC01173249B011100DB92FB /* Base */,
			);
			name = LaunchScreen.storyboard;
			sourceTree = "<group>";
		};
/* End PBXVariantGroup section */

/* Begin XCBuildConfiguration section */
		0BC01176249B011100DB92FB /* Debug */ = {
			isa = XCBuildConfiguration;
			buildSettings = {
				ALWAYS_SEARCH_USER_PATHS = NO;
				CLANG_ANALYZER_NONNULL = YES;
				CLANG_ANALYZER_NUMBER_OBJECT_CONVERSION = YES_AGGRESSIVE;
				CLANG_CXX_LANGUAGE_STANDARD = "gnu++14";
				CLANG_CXX_LIBRARY = "libc++";
				CLANG_ENABLE_MODULES = YES;
				CLANG_ENABLE_OBJC_ARC = YES;
				CLANG_ENABLE_OBJC_WEAK = YES;
				CLANG_WARN_BLOCK_CAPTURE_AUTORELEASING = YES;
				CLANG_WARN_BOOL_CONVERSION = YES;
				CLANG_WARN_COMMA = YES;
				CLANG_WARN_CONSTANT_CONVERSION = YES;
				CLANG_WARN_DEPRECATED_OBJC_IMPLEMENTATIONS = YES;
				CLANG_WARN_DIRECT_OBJC_ISA_USAGE = YES_ERROR;
				CLANG_WARN_DOCUMENTATION_COMMENTS = YES;
				CLANG_WARN_EMPTY_BODY = YES;
				CLANG_WARN_ENUM_CONVERSION = YES;
				CLANG_WARN_INFINITE_RECURSION = YES;
				CLANG_WARN_INT_CONVERSION = YES;
				CLANG_WARN_NON_LITERAL_NULL_CONVERSION = YES;
				CLANG_WARN_OBJC_IMPLICIT_RETAIN_SELF = YES;
				CLANG_WARN_OBJC_LITERAL_CONVERSION = YES;
				CLANG_WARN_OBJC_ROOT_CLASS = YES_ERROR;
				CLANG_WARN_RANGE_LOOP_ANALYSIS = YES;
				CLANG_WARN_STRICT_PROTOTYPES = YES;
				CLANG_WARN_SUSPICIOUS_MOVE = YES;
				CLANG_WARN_UNGUARDED_AVAILABILITY = YES_AGGRESSIVE;
				CLANG_WARN_UNREACHABLE_CODE = YES;
				CLANG_WARN__DUPLICATE_METHOD_MATCH = YES;
				COPY_PHASE_STRIP = NO;
				DEBUG_INFORMATION_FORMAT = dwarf;
				ENABLE_STRICT_OBJC_MSGSEND = YES;
				ENABLE_TESTABILITY = YES;
				GCC_C_LANGUAGE_STANDARD = gnu11;
				GCC_DYNAMIC_NO_PIC = NO;
				GCC_NO_COMMON_BLOCKS = YES;
				GCC_OPTIMIZATION_LEVEL = 0;
				GCC_PREPROCESSOR_DEFINITIONS = (
					"DEBUG=1",
					"$(inherited)",
				);
				GCC_WARN_64_TO_32_BIT_CONVERSION = YES;
				GCC_WARN_ABOUT_RETURN_TYPE = YES_ERROR;
				GCC_WARN_UNDECLARED_SELECTOR = YES;
				GCC_WARN_UNINITIALIZED_AUTOS = YES_AGGRESSIVE;
				GCC_WARN_UNUSED_FUNCTION = YES;
				GCC_WARN_UNUSED_VARIABLE = YES;
				IPHONEOS_DEPLOYMENT_TARGET = 13.5;
				MTL_ENABLE_DEBUG_INFO = INCLUDE_SOURCE;
				MTL_FAST_MATH = YES;
				ONLY_ACTIVE_ARCH = YES;
				SDKROOT = iphoneos;
				SWIFT_ACTIVE_COMPILATION_CONDITIONS = DEBUG;
				SWIFT_OPTIMIZATION_LEVEL = "-Onone";
			};
			name = Debug;
		};
		0BC01177249B011100DB92FB /* Release */ = {
			isa = XCBuildConfiguration;
			buildSettings = {
				ALWAYS_SEARCH_USER_PATHS = NO;
				CLANG_ANALYZER_NONNULL = YES;
				CLANG_ANALYZER_NUMBER_OBJECT_CONVERSION = YES_AGGRESSIVE;
				CLANG_CXX_LANGUAGE_STANDARD = "gnu++14";
				CLANG_CXX_LIBRARY = "libc++";
				CLANG_ENABLE_MODULES = YES;
				CLANG_ENABLE_OBJC_ARC = YES;
				CLANG_ENABLE_OBJC_WEAK = YES;
				CLANG_WARN_BLOCK_CAPTURE_AUTORELEASING = YES;
				CLANG_WARN_BOOL_CONVERSION = YES;
				CLANG_WARN_COMMA = YES;
				CLANG_WARN_CONSTANT_CONVERSION = YES;
				CLANG_WARN_DEPRECATED_OBJC_IMPLEMENTATIONS = YES;
				CLANG_WARN_DIRECT_OBJC_ISA_USAGE = YES_ERROR;
				CLANG_WARN_DOCUMENTATION_COMMENTS = YES;
				CLANG_WARN_EMPTY_BODY = YES;
				CLANG_WARN_ENUM_CONVERSION = YES;
				CLANG_WARN_INFINITE_RECURSION = YES;
				CLANG_WARN_INT_CONVERSION = YES;
				CLANG_WARN_NON_LITERAL_NULL_CONVERSION = YES;
				CLANG_WARN_OBJC_IMPLICIT_RETAIN_SELF = YES;
				CLANG_WARN_OBJC_LITERAL_CONVERSION = YES;
				CLANG_WARN_OBJC_ROOT_CLASS = YES_ERROR;
				CLANG_WARN_RANGE_LOOP_ANALYSIS = YES;
				CLANG_WARN_STRICT_PROTOTYPES = YES;
				CLANG_WARN_SUSPICIOUS_MOVE = YES;
				CLANG_WARN_UNGUARDED_AVAILABILITY = YES_AGGRESSIVE;
				CLANG_WARN_UNREACHABLE_CODE = YES;
				CLANG_WARN__DUPLICATE_METHOD_MATCH = YES;
				COPY_PHASE_STRIP = NO;
				DEBUG_INFORMATION_FORMAT = "dwarf-with-dsym";
				ENABLE_NS_ASSERTIONS = NO;
				ENABLE_STRICT_OBJC_MSGSEND = YES;
				GCC_C_LANGUAGE_STANDARD = gnu11;
				GCC_NO_COMMON_BLOCKS = YES;
				GCC_WARN_64_TO_32_BIT_CONVERSION = YES;
				GCC_WARN_ABOUT_RETURN_TYPE = YES_ERROR;
				GCC_WARN_UNDECLARED_SELECTOR = YES;
				GCC_WARN_UNINITIALIZED_AUTOS = YES_AGGRESSIVE;
				GCC_WARN_UNUSED_FUNCTION = YES;
				GCC_WARN_UNUSED_VARIABLE = YES;
				IPHONEOS_DEPLOYMENT_TARGET = 13.5;
				MTL_ENABLE_DEBUG_INFO = NO;
				MTL_FAST_MATH = YES;
				SDKROOT = iphoneos;
				SWIFT_COMPILATION_MODE = wholemodule;
				SWIFT_OPTIMIZATION_LEVEL = "-O";
				VALIDATE_PRODUCT = YES;
			};
			name = Release;
		};
		0BC01179249B011100DB92FB /* Debug */ = {
			isa = XCBuildConfiguration;
			buildSettings = {
				ASSETCATALOG_COMPILER_APPICON_NAME = AppIcon;
				CODE_SIGN_STYLE = Automatic;
				INFOPLIST_FILE = BuildWeek2/Resources/Info.plist;
				LD_RUNPATH_SEARCH_PATHS = (
					"$(inherited)",
					"@executable_path/Frameworks",
				);
				PRODUCT_BUNDLE_IDENTIFIER = com.claytonwatkins.BuildWeek2;
				PRODUCT_NAME = "$(TARGET_NAME)";
				SWIFT_VERSION = 5.0;
				TARGETED_DEVICE_FAMILY = "1,2";
			};
			name = Debug;
		};
		0BC0117A249B011100DB92FB /* Release */ = {
			isa = XCBuildConfiguration;
			buildSettings = {
				ASSETCATALOG_COMPILER_APPICON_NAME = AppIcon;
				CODE_SIGN_STYLE = Automatic;
				INFOPLIST_FILE = BuildWeek2/Resources/Info.plist;
				LD_RUNPATH_SEARCH_PATHS = (
					"$(inherited)",
					"@executable_path/Frameworks",
				);
				PRODUCT_BUNDLE_IDENTIFIER = com.claytonwatkins.BuildWeek2;
				PRODUCT_NAME = "$(TARGET_NAME)";
				SWIFT_VERSION = 5.0;
				TARGETED_DEVICE_FAMILY = "1,2";
			};
			name = Release;
		};
/* End XCBuildConfiguration section */

/* Begin XCConfigurationList section */
		0BC0115F249B010C00DB92FB /* Build configuration list for PBXProject "BuildWeek2" */ = {
			isa = XCConfigurationList;
			buildConfigurations = (
				0BC01176249B011100DB92FB /* Debug */,
				0BC01177249B011100DB92FB /* Release */,
			);
			defaultConfigurationIsVisible = 0;
			defaultConfigurationName = Release;
		};
		0BC01178249B011100DB92FB /* Build configuration list for PBXNativeTarget "BuildWeek2" */ = {
			isa = XCConfigurationList;
			buildConfigurations = (
				0BC01179249B011100DB92FB /* Debug */,
				0BC0117A249B011100DB92FB /* Release */,
			);
			defaultConfigurationIsVisible = 0;
			defaultConfigurationName = Release;
		};
/* End XCConfigurationList section */
	};
	rootObject = 0BC0115C249B010C00DB92FB /* Project object */;
}
